
Microsoft Visual Studio Solution File, Format Version 12.00
# Visual Studio 15
VisualStudioVersion = 15.0.28307.329
MinimumVisualStudioVersion = 10.0.40219.1
Project("{FAE04EC0-301F-11D3-BF4B-00C04F79EFBC}") = "MstYangin", "MstYangin\MstYangin.csproj", "{6476A89F-CD6C-4324-94D8-434203C3E7CF}"
EndProject
Global
	GlobalSection(SolutionConfigurationPlatforms) = preSolution
		Debug|Any CPU = Debug|Any CPU
		Release|Any CPU = Release|Any CPU
	EndGlobalSection
	GlobalSection(ProjectConfigurationPlatforms) = postSolution
		{6476A89F-CD6C-4324-94D8-434203C3E7CF}.Debug|Any CPU.ActiveCfg = Debug|Any CPU
		{6476A89F-CD6C-4324-94D8-434203C3E7CF}.Debug|Any CPU.Build.0 = Debug|Any CPU
		{6476A89F-CD6C-4324-94D8-434203C3E7CF}.Release|Any CPU.ActiveCfg = Release|Any CPU
		{6476A89F-CD6C-4324-94D8-434203C3E7CF}.Release|Any CPU.Build.0 = Release|Any CPU
	EndGlobalSection
	GlobalSection(SolutionProperties) = preSolution
		HideSolutionNode = FALSE
	EndGlobalSection
	GlobalSection(ExtensibilityGlobals) = postSolution
		SolutionGuid = {D8879BD3-A76C-4A51-B411-E05457586B8A}
	EndGlobalSection
EndGlobal
